
Microsoft Visual Studio Solution File, Format Version 12.00
# Visual Studio Version 17
VisualStudioVersion = 17.4.33205.214
MinimumVisualStudioVersion = 10.0.40219.1
Project("{FAE04EC0-301F-11D3-BF4B-00C04F79EFBC}") = "Training", "Training\Training.csproj", "{EE953F4E-CB16-473E-90A1-4E588521DF5D}"
EndProject
Global
	GlobalSection(SolutionConfigurationPlatforms) = preSolution
		Debug|Any CPU = Debug|Any CPU
		Release|Any CPU = Release|Any CPU
	EndGlobalSection
	GlobalSection(ProjectConfigurationPlatforms) = postSolution
		{EE953F4E-CB16-473E-90A1-4E588521DF5D}.Debug|Any CPU.ActiveCfg = Debug|Any CPU
		{EE953F4E-CB16-473E-90A1-4E588521DF5D}.Debug|Any CPU.Build.0 = Debug|Any CPU
		{EE953F4E-CB16-473E-90A1-4E588521DF5D}.Release|Any CPU.ActiveCfg = Release|Any CPU
		{EE953F4E-CB16-473E-90A1-4E588521DF5D}.Release|Any CPU.Build.0 = Release|Any CPU
	EndGlobalSection
	GlobalSection(SolutionProperties) = preSolution
		HideSolutionNode = FALSE
	EndGlobalSection
	GlobalSection(ExtensibilityGlobals) = postSolution
		SolutionGuid = {A3075905-3F3F-46A0-969E-8171A300D258}
	EndGlobalSection
EndGlobal
